
Microsoft Visual Studio Solution File, Format Version 12.00
# Visual Studio 15
VisualStudioVersion = 15.0.27428.2037
MinimumVisualStudioVersion = 10.0.40219.1
Project("{E24C65DC-7377-472B-9ABA-BC803B73C61A}") = "WebSite(1)", ".", "{9D67AAFC-A4E6-428B-B8B0-FC2CD0EFD29A}"
	ProjectSection(WebsiteProperties) = preProject
		TargetFrameworkMoniker = ".NETFramework,Version%3Dv4.0"
		Debug.AspNetCompiler.VirtualPath = "/localhost_52186"
		Debug.AspNetCompiler.PhysicalPath = "D:\Users\Yelson\Desktop\WebSite\"
		Debug.AspNetCompiler.TargetPath = "PrecompiledWeb\localhost_52186\"
		Debug.AspNetCompiler.Updateable = "true"
		Debug.AspNetCompiler.ForceOverwrite = "true"
		Debug.AspNetCompiler.FixedNames = "false"
		Debug.AspNetCompiler.Debug = "True"
		Release.AspNetCompiler.VirtualPath = "/localhost_52186"
		Release.AspNetCompiler.PhysicalPath = "D:\Users\Yelson\Desktop\WebSite\"
		Release.AspNetCompiler.TargetPath = "PrecompiledWeb\localhost_52186\"
		Release.AspNetCompiler.Updateable = "true"
		Release.AspNetCompiler.ForceOverwrite = "true"
		Release.AspNetCompiler.FixedNames = "false"
		Release.AspNetCompiler.Debug = "False"
		VWDPort = "52186"
	EndProjectSection
EndProject
Global
	GlobalSection(SolutionConfigurationPlatforms) = preSolution
		Debug|Any CPU = Debug|Any CPU
	EndGlobalSection
	GlobalSection(ProjectConfigurationPlatforms) = postSolution
		{9D67AAFC-A4E6-428B-B8B0-FC2CD0EFD29A}.Debug|Any CPU.ActiveCfg = Debug|Any CPU
		{9D67AAFC-A4E6-428B-B8B0-FC2CD0EFD29A}.Debug|Any CPU.Build.0 = Debug|Any CPU
	EndGlobalSection
	GlobalSection(SolutionProperties) = preSolution
		HideSolutionNode = FALSE
	EndGlobalSection
	GlobalSection(ExtensibilityGlobals) = postSolution
		SolutionGuid = {7D303CEA-40BE-4C3C-A928-844F563E0010}
	EndGlobalSection
EndGlobal
